// !$*UTF8*$!
{
	archiveVersion = 1;
	classes = {
	};
	objectVersion = 50;
	objects = {

/* Begin PBXBuildFile section */
		984E4EC32477CB7D005E7788 /* AppDelegate.swift in Sources */ = {isa = PBXBuildFile; fileRef = 984E4EC22477CB7D005E7788 /* AppDelegate.swift */; };
		984E4EC52477CB7D005E7788 /* SceneDelegate.swift in Sources */ = {isa = PBXBuildFile; fileRef = 984E4EC42477CB7D005E7788 /* SceneDelegate.swift */; };
		984E4ECA2477CB7D005E7788 /* Main.storyboard in Resources */ = {isa = PBXBuildFile; fileRef = 984E4EC82477CB7D005E7788 /* Main.storyboard */; };
		984E4ECC2477CB7F005E7788 /* Assets.xcassets in Resources */ = {isa = PBXBuildFile; fileRef = 984E4ECB2477CB7F005E7788 /* Assets.xcassets */; };
		984E4ECF2477CB7F005E7788 /* LaunchScreen.storyboard in Resources */ = {isa = PBXBuildFile; fileRef = 984E4ECD2477CB7F005E7788 /* LaunchScreen.storyboard */; };
		984E4ED72477CC0A005E7788 /* ListFriendsTableViewController.swift in Sources */ = {isa = PBXBuildFile; fileRef = 984E4ED62477CC0A005E7788 /* ListFriendsTableViewController.swift */; };
		984E4ED92477CC7D005E7788 /* Friend.swift in Sources */ = {isa = PBXBuildFile; fileRef = 984E4ED82477CC7D005E7788 /* Friend.swift */; };
		985679BC2478E4D900DEF9CE /* FriendTableViewController.swift in Sources */ = {isa = PBXBuildFile; fileRef = 985679BB2478E4D900DEF9CE /* FriendTableViewController.swift */; };
		985679BE2479049800DEF9CE /* TextTableViewCell.swift in Sources */ = {isa = PBXBuildFile; fileRef = 985679BD2479049800DEF9CE /* TextTableViewCell.swift */; };
		985679C02479165F00DEF9CE /* Int+TimeFormatting.swift in Sources */ = {isa = PBXBuildFile; fileRef = 985679BF2479165F00DEF9CE /* Int+TimeFormatting.swift */; };
/* End PBXBuildFile section */

/* Begin PBXFileReference section */
		984E4EBF2477CB7D005E7788 /* FriendZone.app */ = {isa = PBXFileReference; explicitFileType = wrapper.application; includeInIndex = 0; path = FriendZone.app; sourceTree = BUILT_PRODUCTS_DIR; };
		984E4EC22477CB7D005E7788 /* AppDelegate.swift */ = {isa = PBXFileReference; lastKnownFileType = sourcecode.swift; path = AppDelegate.swift; sourceTree = "<group>"; };
		984E4EC42477CB7D005E7788 /* SceneDelegate.swift */ = {isa = PBXFileReference; lastKnownFileType = sourcecode.swift; path = SceneDelegate.swift; sourceTree = "<group>"; };
		984E4EC92477CB7D005E7788 /* Base */ = {isa = PBXFileReference; lastKnownFileType = file.storyboard; name = Base; path = Base.lproj/Main.storyboard; sourceTree = "<group>"; };
		984E4ECB2477CB7F005E7788 /* Assets.xcassets */ = {isa = PBXFileReference; lastKnownFileType = folder.assetcatalog; path = Assets.xcassets; sourceTree = "<group>"; };
		984E4ECE2477CB7F005E7788 /* Base */ = {isa = PBXFileReference; lastKnownFileType = file.storyboard; name = Base; path = Base.lproj/LaunchScreen.storyboard; sourceTree = "<group>"; };
		984E4ED02477CB7F005E7788 /* Info.plist */ = {isa = PBXFileReference; lastKnownFileType = text.plist.xml; path = Info.plist; sourceTree = "<group>"; };
		984E4ED62477CC0A005E7788 /* ListFriendsTableViewController.swift */ = {isa = PBXFileReference; lastKnownFileType = sourcecode.swift; path = ListFriendsTableViewController.swift; sourceTree = "<group>"; };
		984E4ED82477CC7D005E7788 /* Friend.swift */ = {isa = PBXFileReference; lastKnownFileType = sourcecode.swift; path = Friend.swift; sourceTree = "<group>"; };
		985679BB2478E4D900DEF9CE /* FriendTableViewController.swift */ = {isa = PBXFileReference; lastKnownFileType = sourcecode.swift; path = FriendTableViewController.swift; sourceTree = "<group>"; };
		985679BD2479049800DEF9CE /* TextTableViewCell.swift */ = {isa = PBXFileReference; lastKnownFileType = sourcecode.swift; path = TextTableViewCell.swift; sourceTree = "<group>"; };
		985679BF2479165F00DEF9CE /* Int+TimeFormatting.swift */ = {isa = PBXFileReference; lastKnownFileType = sourcecode.swift; path = "Int+TimeFormatting.swift"; sourceTree = "<group>"; };
/* End PBXFileReference section */

/* Begin PBXFrameworksBuildPhase section */
		984E4EBC2477CB7D005E7788 /* Frameworks */ = {
			isa = PBXFrameworksBuildPhase;
			buildActionMask = 2147483647;
			files = (
			);
			runOnlyForDeploymentPostprocessing = 0;
		};
/* End PBXFrameworksBuildPhase section */

/* Begin PBXGroup section */
		984E4EB62477CB7D005E7788 = {
			isa = PBXGroup;
			children = (
				984E4EC12477CB7D005E7788 /* FriendZone */,
				984E4EC02477CB7D005E7788 /* Products */,
			);
			sourceTree = "<group>";
		};
		984E4EC02477CB7D005E7788 /* Products */ = {
			isa = PBXGroup;
			children = (
				984E4EBF2477CB7D005E7788 /* FriendZone.app */,
			);
			name = Products;
			sourceTree = "<group>";
		};
		984E4EC12477CB7D005E7788 /* FriendZone */ = {
			isa = PBXGroup;
			children = (
				984E4EC22477CB7D005E7788 /* AppDelegate.swift */,
				984E4EC42477CB7D005E7788 /* SceneDelegate.swift */,
				984E4ED82477CC7D005E7788 /* Friend.swift */,
				985679BF2479165F00DEF9CE /* Int+TimeFormatting.swift */,
				985679BD2479049800DEF9CE /* TextTableViewCell.swift */,
				985679BB2478E4D900DEF9CE /* FriendTableViewController.swift */,
				984E4ED62477CC0A005E7788 /* ListFriendsTableViewController.swift */,
				984E4EC82477CB7D005E7788 /* Main.storyboard */,
				984E4ECB2477CB7F005E7788 /* Assets.xcassets */,
				984E4ECD2477CB7F005E7788 /* LaunchScreen.storyboard */,
				984E4ED02477CB7F005E7788 /* Info.plist */,
			);
			path = FriendZone;
			sourceTree = "<group>";
		};
/* End PBXGroup section */

/* Begin PBXNativeTarget section */
		984E4EBE2477CB7D005E7788 /* FriendZone */ = {
			isa = PBXNativeTarget;
			buildConfigurationList = 984E4ED32477CB7F005E7788 /* Build configuration list for PBXNativeTarget "FriendZone" */;
			buildPhases = (
				984E4EBB2477CB7D005E7788 /* Sources */,
				984E4EBC2477CB7D005E7788 /* Frameworks */,
				984E4EBD2477CB7D005E7788 /* Resources */,
			);
			buildRules = (
			);
			dependencies = (
			);
			name = FriendZone;
			productName = FriendZone;
			productReference = 984E4EBF2477CB7D005E7788 /* FriendZone.app */;
			productType = "com.apple.product-type.application";
		};
/* End PBXNativeTarget section */

/* Begin PBXProject section */
		984E4EB72477CB7D005E7788 /* Project object */ = {
			isa = PBXProject;
			attributes = {
				LastSwiftUpdateCheck = 1140;
				LastUpgradeCheck = 1140;
				ORGANIZATIONNAME = "Han Luong";
				TargetAttributes = {
					984E4EBE2477CB7D005E7788 = {
						CreatedOnToolsVersion = 11.4.1;
					};
				};
			};
			buildConfigurationList = 984E4EBA2477CB7D005E7788 /* Build configuration list for PBXProject "FriendZone" */;
			compatibilityVersion = "Xcode 9.3";
			developmentRegion = en;
			hasScannedForEncodings = 0;
			knownRegions = (
				en,
				Base,
			);
			mainGroup = 984E4EB62477CB7D005E7788;
			productRefGroup = 984E4EC02477CB7D005E7788 /* Products */;
			projectDirPath = "";
			projectRoot = "";
			targets = (
				984E4EBE2477CB7D005E7788 /* FriendZone */,
			);
		};
/* End PBXProject section */

/* Begin PBXResourcesBuildPhase section */
		984E4EBD2477CB7D005E7788 /* Resources */ = {
			isa = PBXResourcesBuildPhase;
			buildActionMask = 2147483647;
			files = (
				984E4ECF2477CB7F005E7788 /* LaunchScreen.storyboard in Resources */,
				984E4ECC2477CB7F005E7788 /* Assets.xcassets in Resources */,
				984E4ECA2477CB7D005E7788 /* Main.storyboard in Resources */,
			);
			runOnlyForDeploymentPostprocessing = 0;
		};
/* End PBXResourcesBuildPhase section */

/* Begin PBXSourcesBuildPhase section */
		984E4EBB2477CB7D005E7788 /* Sources */ = {
			isa = PBXSourcesBuildPhase;
			buildActionMask = 2147483647;
			files = (
				985679BE2479049800DEF9CE /* TextTableViewCell.swift in Sources */,
				984E4EC32477CB7D005E7788 /* AppDelegate.swift in Sources */,
				985679C02479165F00DEF9CE /* Int+TimeFormatting.swift in Sources */,
				985679BC2478E4D900DEF9CE /* FriendTableViewController.swift in Sources */,
				984E4EC52477CB7D005E7788 /* SceneDelegate.swift in Sources */,
				984E4ED72477CC0A005E7788 /* ListFriendsTableViewController.swift in Sources */,
				984E4ED92477CC7D005E7788 /* Friend.swift in Sources */,
			);
			runOnlyForDeploymentPostprocessing = 0;
		};
/* End PBXSourcesBuildPhase section */

/* Begin PBXVariantGroup section */
		984E4EC82477CB7D005E7788 /* Main.storyboard */ = {
			isa = PBXVariantGroup;
			children = (
				984E4EC92477CB7D005E7788 /* Base */,
			);
			name = Main.storyboard;
			sourceTree = "<group>";
		};
		984E4ECD2477CB7F005E7788 /* LaunchScreen.storyboard */ = {
			isa = PBXVariantGroup;
			children = (
				984E4ECE2477CB7F005E7788 /* Base */,
			);
			name = LaunchScreen.storyboard;
			sourceTree = "<group>";
		};
/* End PBXVariantGroup section */

/* Begin XCBuildConfiguration section */
		984E4ED12477CB7F005E7788 /* Debug */ = {
			isa = XCBuildConfiguration;
			buildSettings = {
				ALWAYS_SEARCH_USER_PATHS = NO;
				CLANG_ANALYZER_NONNULL = YES;
				CLANG_ANALYZER_NUMBER_OBJECT_CONVERSION = YES_AGGRESSIVE;
				CLANG_CXX_LANGUAGE_STANDARD = "gnu++14";
				CLANG_CXX_LIBRARY = "libc++";
				CLANG_ENABLE_MODULES = YES;
				CLANG_ENABLE_OBJC_ARC = YES;
				CLANG_ENABLE_OBJC_WEAK = YES;
				CLANG_WARN_BLOCK_CAPTURE_AUTORELEASING = YES;
				CLANG_WARN_BOOL_CONVERSION = YES;
				CLANG_WARN_COMMA = YES;
				CLANG_WARN_CONSTANT_CONVERSION = YES;
				CLANG_WARN_DEPRECATED_OBJC_IMPLEMENTATIONS = YES;
				CLANG_WARN_DIRECT_OBJC_ISA_USAGE = YES_ERROR;
				CLANG_WARN_DOCUMENTATION_COMMENTS = YES;
				CLANG_WARN_EMPTY_BODY = YES;
				CLANG_WARN_ENUM_CONVERSION = YES;
				CLANG_WARN_INFINITE_RECURSION = YES;
				CLANG_WARN_INT_CONVERSION = YES;
				CLANG_WARN_NON_LITERAL_NULL_CONVERSION = YES;
				CLANG_WARN_OBJC_IMPLICIT_RETAIN_SELF = YES;
				CLANG_WARN_OBJC_LITERAL_CONVERSION = YES;
				CLANG_WARN_OBJC_ROOT_CLASS = YES_ERROR;
				CLANG_WARN_RANGE_LOOP_ANALYSIS = YES;
				CLANG_WARN_STRICT_PROTOTYPES = YES;
				CLANG_WARN_SUSPICIOUS_MOVE = YES;
				CLANG_WARN_UNGUARDED_AVAILABILITY = YES_AGGRESSIVE;
				CLANG_WARN_UNREACHABLE_CODE = YES;
				CLANG_WARN__DUPLICATE_METHOD_MATCH = YES;
				COPY_PHASE_STRIP = NO;
				DEBUG_INFORMATION_FORMAT = dwarf;
				ENABLE_STRICT_OBJC_MSGSEND = YES;
				ENABLE_TESTABILITY = YES;
				GCC_C_LANGUAGE_STANDARD = gnu11;
				GCC_DYNAMIC_NO_PIC = NO;
				GCC_NO_COMMON_BLOCKS = YES;
				GCC_OPTIMIZATION_LEVEL = 0;
				GCC_PREPROCESSOR_DEFINITIONS = (
					"DEBUG=1",
					"$(inherited)",
				);
				GCC_WARN_64_TO_32_BIT_CONVERSION = YES;
				GCC_WARN_ABOUT_RETURN_TYPE = YES_ERROR;
				GCC_WARN_UNDECLARED_SELECTOR = YES;
				GCC_WARN_UNINITIALIZED_AUTOS = YES_AGGRESSIVE;
				GCC_WARN_UNUSED_FUNCTION = YES;
				GCC_WARN_UNUSED_VARIABLE = YES;
				IPHONEOS_DEPLOYMENT_TARGET = 13.4;
				MTL_ENABLE_DEBUG_INFO = INCLUDE_SOURCE;
				MTL_FAST_MATH = YES;
				ONLY_ACTIVE_ARCH = YES;
				SDKROOT = iphoneos;
				SWIFT_ACTIVE_COMPILATION_CONDITIONS = DEBUG;
				SWIFT_OPTIMIZATION_LEVEL = "-Onone";
			};
			name = Debug;
		};
		984E4ED22477CB7F005E7788 /* Release */ = {
			isa = XCBuildConfiguration;
			buildSettings = {
				ALWAYS_SEARCH_USER_PATHS = NO;
				CLANG_ANALYZER_NONNULL = YES;
				CLANG_ANALYZER_NUMBER_OBJECT_CONVERSION = YES_AGGRESSIVE;
				CLANG_CXX_LANGUAGE_STANDARD = "gnu++14";
				CLANG_CXX_LIBRARY = "libc++";
				CLANG_ENABLE_MODULES = YES;
				CLANG_ENABLE_OBJC_ARC = YES;
				CLANG_ENABLE_OBJC_WEAK = YES;
				CLANG_WARN_BLOCK_CAPTURE_AUTORELEASING = YES;
				CLANG_WARN_BOOL_CONVERSION = YES;
				CLANG_WARN_COMMA = YES;
				CLANG_WARN_CONSTANT_CONVERSION = YES;
				CLANG_WARN_DEPRECATED_OBJC_IMPLEMENTATIONS = YES;
				CLANG_WARN_DIRECT_OBJC_ISA_USAGE = YES_ERROR;
				CLANG_WARN_DOCUMENTATION_COMMENTS = YES;
				CLANG_WARN_EMPTY_BODY = YES;
				CLANG_WARN_ENUM_CONVERSION = YES;
				CLANG_WARN_INFINITE_RECURSION = YES;
				CLANG_WARN_INT_CONVERSION = YES;
				CLANG_WARN_NON_LITERAL_NULL_CONVERSION = YES;
				CLANG_WARN_OBJC_IMPLICIT_RETAIN_SELF = YES;
				CLANG_WARN_OBJC_LITERAL_CONVERSION = YES;
				CLANG_WARN_OBJC_ROOT_CLASS = YES_ERROR;
				CLANG_WARN_RANGE_LOOP_ANALYSIS = YES;
				CLANG_WARN_STRICT_PROTOTYPES = YES;
				CLANG_WARN_SUSPICIOUS_MOVE = YES;
				CLANG_WARN_UNGUARDED_AVAILABILITY = YES_AGGRESSIVE;
				CLANG_WARN_UNREACHABLE_CODE = YES;
				CLANG_WARN__DUPLICATE_METHOD_MATCH = YES;
				COPY_PHASE_STRIP = NO;
				DEBUG_INFORMATION_FORMAT = "dwarf-with-dsym";
				ENABLE_NS_ASSERTIONS = NO;
				ENABLE_STRICT_OBJC_MSGSEND = YES;
				GCC_C_LANGUAGE_STANDARD = gnu11;
				GCC_NO_COMMON_BLOCKS = YES;
				GCC_WARN_64_TO_32_BIT_CONVERSION = YES;
				GCC_WARN_ABOUT_RETURN_TYPE = YES_ERROR;
				GCC_WARN_UNDECLARED_SELECTOR = YES;
				GCC_WARN_UNINITIALIZED_AUTOS = YES_AGGRESSIVE;
				GCC_WARN_UNUSED_FUNCTION = YES;
				GCC_WARN_UNUSED_VARIABLE = YES;
				IPHONEOS_DEPLOYMENT_TARGET = 13.4;
				MTL_ENABLE_DEBUG_INFO = NO;
				MTL_FAST_MATH = YES;
				SDKROOT = iphoneos;
				SWIFT_COMPILATION_MODE = wholemodule;
				SWIFT_OPTIMIZATION_LEVEL = "-O";
				VALIDATE_PRODUCT = YES;
			};
			name = Release;
		};
		984E4ED42477CB7F005E7788 /* Debug */ = {
			isa = XCBuildConfiguration;
			buildSettings = {
				ASSETCATALOG_COMPILER_APPICON_NAME = AppIcon;
				CODE_SIGN_STYLE = Automatic;
				DEVELOPMENT_TEAM = H45E9F8W3K;
				INFOPLIST_FILE = FriendZone/Info.plist;
				LD_RUNPATH_SEARCH_PATHS = (
					"$(inherited)",
					"@executable_path/Frameworks",
				);
				PRODUCT_BUNDLE_IDENTIFIER = hnluong.FriendZone;
				PRODUCT_NAME = "$(TARGET_NAME)";
				SWIFT_VERSION = 5.0;
				TARGETED_DEVICE_FAMILY = "1,2";
			};
			name = Debug;
		};
		984E4ED52477CB7F005E7788 /* Release */ = {
			isa = XCBuildConfiguration;
			buildSettings = {
				ASSETCATALOG_COMPILER_APPICON_NAME = AppIcon;
				CODE_SIGN_STYLE = Automatic;
				DEVELOPMENT_TEAM = H45E9F8W3K;
				INFOPLIST_FILE = FriendZone/Info.plist;
				LD_RUNPATH_SEARCH_PATHS = (
					"$(inherited)",
					"@executable_path/Frameworks",
				);
				PRODUCT_BUNDLE_IDENTIFIER = hnluong.FriendZone;
				PRODUCT_NAME = "$(TARGET_NAME)";
				SWIFT_VERSION = 5.0;
				TARGETED_DEVICE_FAMILY = "1,2";
			};
			name = Release;
		};
/* End XCBuildConfiguration section */

/* Begin XCConfigurationList section */
		984E4EBA2477CB7D005E7788 /* Build configuration list for PBXProject "FriendZone" */ = {
			isa = XCConfigurationList;
			buildConfigurations = (
				984E4ED12477CB7F005E7788 /* Debug */,
				984E4ED22477CB7F005E7788 /* Release */,
			);
			defaultConfigurationIsVisible = 0;
			defaultConfigurationName = Release;
		};
		984E4ED32477CB7F005E7788 /* Build configuration list for PBXNativeTarget "FriendZone" */ = {
			isa = XCConfigurationList;
			buildConfigurations = (
				984E4ED42477CB7F005E7788 /* Debug */,
				984E4ED52477CB7F005E7788 /* Release */,
			);
			defaultConfigurationIsVisible = 0;
			defaultConfigurationName = Release;
		};
/* End XCConfigurationList section */
	};
	rootObject = 984E4EB72477CB7D005E7788 /* Project object */;
}
